
Microsoft Visual Studio Solution File, Format Version 12.00
# Visual Studio 15
VisualStudioVersion = 15.0.28307.852
MinimumVisualStudioVersion = 10.0.40219.1
Project("{FAE04EC0-301F-11D3-BF4B-00C04F79EFBC}") = "Budget Helper", "Budget Helper\Budget Helper.csproj", "{3BB40C55-8FDF-4ABA-8EEB-D5F55C4D4A81}"
EndProject
Global
	GlobalSection(SolutionConfigurationPlatforms) = preSolution
		Debug|Any CPU = Debug|Any CPU
		Release|Any CPU = Release|Any CPU
	EndGlobalSection
	GlobalSection(ProjectConfigurationPlatforms) = postSolution
		{3BB40C55-8FDF-4ABA-8EEB-D5F55C4D4A81}.Debug|Any CPU.ActiveCfg = Debug|Any CPU
		{3BB40C55-8FDF-4ABA-8EEB-D5F55C4D4A81}.Debug|Any CPU.Build.0 = Debug|Any CPU
		{3BB40C55-8FDF-4ABA-8EEB-D5F55C4D4A81}.Release|Any CPU.ActiveCfg = Release|Any CPU
		{3BB40C55-8FDF-4ABA-8EEB-D5F55C4D4A81}.Release|Any CPU.Build.0 = Release|Any CPU
	EndGlobalSection
	GlobalSection(SolutionProperties) = preSolution
		HideSolutionNode = FALSE
	EndGlobalSection
	GlobalSection(ExtensibilityGlobals) = postSolution
		SolutionGuid = {2E16162C-64A5-4217-92AB-5C27736D6E33}
	EndGlobalSection
EndGlobal
